
Microsoft Visual Studio Solution File, Format Version 12.00
# Visual Studio Version 17
VisualStudioVersion = 17.5.002.0
MinimumVisualStudioVersion = 10.0.40219.1
Project("{9A19103F-16F7-4668-BE54-9A1E7A4F7556}") = "Clase22R", "Clase22R.csproj", "{611ACA4A-2555-4419-8784-664909990F52}"
EndProject
Global
	GlobalSection(SolutionConfigurationPlatforms) = preSolution
		Debug|Any CPU = Debug|Any CPU
		Release|Any CPU = Release|Any CPU
	EndGlobalSection
	GlobalSection(ProjectConfigurationPlatforms) = postSolution
		{611ACA4A-2555-4419-8784-664909990F52}.Debug|Any CPU.ActiveCfg = Debug|Any CPU
		{611ACA4A-2555-4419-8784-664909990F52}.Debug|Any CPU.Build.0 = Debug|Any CPU
		{611ACA4A-2555-4419-8784-664909990F52}.Release|Any CPU.ActiveCfg = Release|Any CPU
		{611ACA4A-2555-4419-8784-664909990F52}.Release|Any CPU.Build.0 = Release|Any CPU
	EndGlobalSection
	GlobalSection(SolutionProperties) = preSolution
		HideSolutionNode = FALSE
	EndGlobalSection
	GlobalSection(ExtensibilityGlobals) = postSolution
		SolutionGuid = {7F962E3D-9C65-4697-9CFB-80A371B57EFC}
	EndGlobalSection
EndGlobal
